
Microsoft Visual Studio Solution File, Format Version 12.00
# Visual Studio Version 16
VisualStudioVersion = 16.0.809.2
MinimumVisualStudioVersion = 10.0.40219.1
Project("{FAE04EC0-301F-11D3-BF4B-00C04F79EFBC}") = "CustomAndPlatformSpec.Android", "CustomAndPlatformSpec.Android\CustomAndPlatformSpec.Android.csproj", "{94366275-B87A-4E28-BB0D-2A276E6BF170}"
EndProject
Project("{FAE04EC0-301F-11D3-BF4B-00C04F79EFBC}") = "CustomAndPlatformSpec.iOS", "CustomAndPlatformSpec.iOS\CustomAndPlatformSpec.iOS.csproj", "{C68858F3-F46A-4C48-9F04-6E7D5D730690}"
EndProject
Project("{FAE04EC0-301F-11D3-BF4B-00C04F79EFBC}") = "CustomAndPlatformSpec", "CustomAndPlatformSpec\CustomAndPlatformSpec.csproj", "{9EFC697D-90D2-468F-89EE-B7FEB414C9F5}"
EndProject
Global
	GlobalSection(SolutionConfigurationPlatforms) = preSolution
		Debug|Any CPU = Debug|Any CPU
		Release|Any CPU = Release|Any CPU
		Debug|iPhoneSimulator = Debug|iPhoneSimulator
		Release|iPhoneSimulator = Release|iPhoneSimulator
		Debug|iPhone = Debug|iPhone
		Release|iPhone = Release|iPhone
	EndGlobalSection
	GlobalSection(ProjectConfigurationPlatforms) = postSolution
		{94366275-B87A-4E28-BB0D-2A276E6BF170}.Debug|Any CPU.ActiveCfg = Debug|Any CPU
		{94366275-B87A-4E28-BB0D-2A276E6BF170}.Debug|Any CPU.Build.0 = Debug|Any CPU
		{94366275-B87A-4E28-BB0D-2A276E6BF170}.Release|Any CPU.ActiveCfg = Release|Any CPU
		{94366275-B87A-4E28-BB0D-2A276E6BF170}.Release|Any CPU.Build.0 = Release|Any CPU
		{94366275-B87A-4E28-BB0D-2A276E6BF170}.Debug|iPhoneSimulator.ActiveCfg = Debug|Any CPU
		{94366275-B87A-4E28-BB0D-2A276E6BF170}.Debug|iPhoneSimulator.Build.0 = Debug|Any CPU
		{94366275-B87A-4E28-BB0D-2A276E6BF170}.Release|iPhoneSimulator.ActiveCfg = Release|Any CPU
		{94366275-B87A-4E28-BB0D-2A276E6BF170}.Release|iPhoneSimulator.Build.0 = Release|Any CPU
		{94366275-B87A-4E28-BB0D-2A276E6BF170}.Debug|iPhone.ActiveCfg = Debug|Any CPU
		{94366275-B87A-4E28-BB0D-2A276E6BF170}.Debug|iPhone.Build.0 = Debug|Any CPU
		{94366275-B87A-4E28-BB0D-2A276E6BF170}.Release|iPhone.ActiveCfg = Release|Any CPU
		{94366275-B87A-4E28-BB0D-2A276E6BF170}.Release|iPhone.Build.0 = Release|Any CPU
		{C68858F3-F46A-4C48-9F04-6E7D5D730690}.Debug|Any CPU.ActiveCfg = Debug|iPhoneSimulator
		{C68858F3-F46A-4C48-9F04-6E7D5D730690}.Debug|Any CPU.Build.0 = Debug|iPhoneSimulator
		{C68858F3-F46A-4C48-9F04-6E7D5D730690}.Release|Any CPU.ActiveCfg = Release|iPhoneSimulator
		{C68858F3-F46A-4C48-9F04-6E7D5D730690}.Release|Any CPU.Build.0 = Release|iPhoneSimulator
		{C68858F3-F46A-4C48-9F04-6E7D5D730690}.Debug|iPhoneSimulator.ActiveCfg = Debug|iPhoneSimulator
		{C68858F3-F46A-4C48-9F04-6E7D5D730690}.Debug|iPhoneSimulator.Build.0 = Debug|iPhoneSimulator
		{C68858F3-F46A-4C48-9F04-6E7D5D730690}.Release|iPhoneSimulator.ActiveCfg = Release|iPhoneSimulator
		{C68858F3-F46A-4C48-9F04-6E7D5D730690}.Release|iPhoneSimulator.Build.0 = Release|iPhoneSimulator
		{C68858F3-F46A-4C48-9F04-6E7D5D730690}.Debug|iPhone.ActiveCfg = Debug|iPhone
		{C68858F3-F46A-4C48-9F04-6E7D5D730690}.Debug|iPhone.Build.0 = Debug|iPhone
		{C68858F3-F46A-4C48-9F04-6E7D5D730690}.Release|iPhone.ActiveCfg = Release|iPhone
		{C68858F3-F46A-4C48-9F04-6E7D5D730690}.Release|iPhone.Build.0 = Release|iPhone
		{9EFC697D-90D2-468F-89EE-B7FEB414C9F5}.Debug|Any CPU.ActiveCfg = Debug|Any CPU
		{9EFC697D-90D2-468F-89EE-B7FEB414C9F5}.Debug|Any CPU.Build.0 = Debug|Any CPU
		{9EFC697D-90D2-468F-89EE-B7FEB414C9F5}.Release|Any CPU.ActiveCfg = Release|Any CPU
		{9EFC697D-90D2-468F-89EE-B7FEB414C9F5}.Release|Any CPU.Build.0 = Release|Any CPU
		{9EFC697D-90D2-468F-89EE-B7FEB414C9F5}.Debug|iPhoneSimulator.ActiveCfg = Debug|Any CPU
		{9EFC697D-90D2-468F-89EE-B7FEB414C9F5}.Debug|iPhoneSimulator.Build.0 = Debug|Any CPU
		{9EFC697D-90D2-468F-89EE-B7FEB414C9F5}.Release|iPhoneSimulator.ActiveCfg = Release|Any CPU
		{9EFC697D-90D2-468F-89EE-B7FEB414C9F5}.Release|iPhoneSimulator.Build.0 = Release|Any CPU
		{9EFC697D-90D2-468F-89EE-B7FEB414C9F5}.Debug|iPhone.ActiveCfg = Debug|Any CPU
		{9EFC697D-90D2-468F-89EE-B7FEB414C9F5}.Debug|iPhone.Build.0 = Debug|Any CPU
		{9EFC697D-90D2-468F-89EE-B7FEB414C9F5}.Release|iPhone.ActiveCfg = Release|Any CPU
		{9EFC697D-90D2-468F-89EE-B7FEB414C9F5}.Release|iPhone.Build.0 = Release|Any CPU
	EndGlobalSection
	GlobalSection(SolutionProperties) = preSolution
		HideSolutionNode = FALSE
	EndGlobalSection
	GlobalSection(ExtensibilityGlobals) = postSolution
		SolutionGuid = {CC37588B-F8DB-4B1C-9E35-B3222AA64B8E}
	EndGlobalSection
EndGlobal
